
Microsoft Visual Studio Solution File, Format Version 11.00
# Visual Studio 2010
Project("{FAE04EC0-301F-11D3-BF4B-00C04F79EFBC}") = "TestHelpers", "TestHelpers\TestHelpers.csproj", "{39A0D862-DAA5-4311-BA15-C813D9998C36}"
EndProject
Project("{FAE04EC0-301F-11D3-BF4B-00C04F79EFBC}") = "TestHelpers.Facts", "TestHelpers.Facts\TestHelpers.Facts.csproj", "{803995A3-98AC-4BA8-AF3D-635EA80210C2}"
EndProject
Global
	GlobalSection(SolutionConfigurationPlatforms) = preSolution
		Debug|Any CPU = Debug|Any CPU
		Release|Any CPU = Release|Any CPU
	EndGlobalSection
	GlobalSection(ProjectConfigurationPlatforms) = postSolution
		{39A0D862-DAA5-4311-BA15-C813D9998C36}.Debug|Any CPU.ActiveCfg = Debug|Any CPU
		{39A0D862-DAA5-4311-BA15-C813D9998C36}.Debug|Any CPU.Build.0 = Debug|Any CPU
		{39A0D862-DAA5-4311-BA15-C813D9998C36}.Release|Any CPU.ActiveCfg = Release|Any CPU
		{39A0D862-DAA5-4311-BA15-C813D9998C36}.Release|Any CPU.Build.0 = Release|Any CPU
		{803995A3-98AC-4BA8-AF3D-635EA80210C2}.Debug|Any CPU.ActiveCfg = Debug|Any CPU
		{803995A3-98AC-4BA8-AF3D-635EA80210C2}.Debug|Any CPU.Build.0 = Debug|Any CPU
		{803995A3-98AC-4BA8-AF3D-635EA80210C2}.Release|Any CPU.ActiveCfg = Release|Any CPU
		{803995A3-98AC-4BA8-AF3D-635EA80210C2}.Release|Any CPU.Build.0 = Release|Any CPU
	EndGlobalSection
	GlobalSection(SolutionProperties) = preSolution
		HideSolutionNode = FALSE
	EndGlobalSection
EndGlobal
